
Microsoft Visual Studio Solution File, Format Version 12.00
# Visual Studio Version 17
VisualStudioVersion = 17.2.32516.85
MinimumVisualStudioVersion = 10.0.40219.1
Project("{9A19103F-16F7-4668-BE54-9A1E7A4F7556}") = "RetroRen", "web\RetroRen.csproj", "{5E9EFA55-3154-473F-8B19-19ABD538821D}"
EndProject
Global
	GlobalSection(SolutionConfigurationPlatforms) = preSolution
		Debug|Any CPU = Debug|Any CPU
		Release|Any CPU = Release|Any CPU
	EndGlobalSection
	GlobalSection(ProjectConfigurationPlatforms) = postSolution
		{5E9EFA55-3154-473F-8B19-19ABD538821D}.Debug|Any CPU.ActiveCfg = Debug|Any CPU
		{5E9EFA55-3154-473F-8B19-19ABD538821D}.Debug|Any CPU.Build.0 = Debug|Any CPU
		{5E9EFA55-3154-473F-8B19-19ABD538821D}.Release|Any CPU.ActiveCfg = Release|Any CPU
		{5E9EFA55-3154-473F-8B19-19ABD538821D}.Release|Any CPU.Build.0 = Release|Any CPU
	EndGlobalSection
	GlobalSection(SolutionProperties) = preSolution
		HideSolutionNode = FALSE
	EndGlobalSection
	GlobalSection(ExtensibilityGlobals) = postSolution
		SolutionGuid = {7F1501D3-29C4-46EB-8D2A-AB3C05CD9832}
	EndGlobalSection
EndGlobal
